
Microsoft Visual Studio Solution File, Format Version 12.00
# Visual Studio Version 17
VisualStudioVersion = 17.6.33815.320
MinimumVisualStudioVersion = 10.0.40219.1
Project("{FAE04EC0-301F-11D3-BF4B-00C04F79EFBC}") = "ConsoleApp2", "ConsoleApp2\ConsoleApp2.csproj", "{15592154-5CB3-466D-BA77-9EC89560C333}"
EndProject
Global
	GlobalSection(SolutionConfigurationPlatforms) = preSolution
		Debug|Any CPU = Debug|Any CPU
		Release|Any CPU = Release|Any CPU
	EndGlobalSection
	GlobalSection(ProjectConfigurationPlatforms) = postSolution
		{15592154-5CB3-466D-BA77-9EC89560C333}.Debug|Any CPU.ActiveCfg = Debug|Any CPU
		{15592154-5CB3-466D-BA77-9EC89560C333}.Debug|Any CPU.Build.0 = Debug|Any CPU
		{15592154-5CB3-466D-BA77-9EC89560C333}.Release|Any CPU.ActiveCfg = Release|Any CPU
		{15592154-5CB3-466D-BA77-9EC89560C333}.Release|Any CPU.Build.0 = Release|Any CPU
	EndGlobalSection
	GlobalSection(SolutionProperties) = preSolution
		HideSolutionNode = FALSE
	EndGlobalSection
	GlobalSection(ExtensibilityGlobals) = postSolution
		SolutionGuid = {B0AE88D2-EDAF-4554-93AA-7A53A0018EF0}
	EndGlobalSection
EndGlobal
