
Microsoft Visual Studio Solution File, Format Version 12.00
# Visual Studio Version 17
VisualStudioVersion = 17.6.33815.320
MinimumVisualStudioVersion = 10.0.40219.1
Project("{FAE04EC0-301F-11D3-BF4B-00C04F79EFBC}") = "Anony", "Anony\Anony.csproj", "{3E3A88BD-D5DA-4FDF-87F2-89D9E20F2C07}"
EndProject
Global
	GlobalSection(SolutionConfigurationPlatforms) = preSolution
		Debug|Any CPU = Debug|Any CPU
		Release|Any CPU = Release|Any CPU
	EndGlobalSection
	GlobalSection(ProjectConfigurationPlatforms) = postSolution
		{3E3A88BD-D5DA-4FDF-87F2-89D9E20F2C07}.Debug|Any CPU.ActiveCfg = Debug|Any CPU
		{3E3A88BD-D5DA-4FDF-87F2-89D9E20F2C07}.Debug|Any CPU.Build.0 = Debug|Any CPU
		{3E3A88BD-D5DA-4FDF-87F2-89D9E20F2C07}.Release|Any CPU.ActiveCfg = Release|Any CPU
		{3E3A88BD-D5DA-4FDF-87F2-89D9E20F2C07}.Release|Any CPU.Build.0 = Release|Any CPU
	EndGlobalSection
	GlobalSection(SolutionProperties) = preSolution
		HideSolutionNode = FALSE
	EndGlobalSection
	GlobalSection(ExtensibilityGlobals) = postSolution
		SolutionGuid = {A390460D-30B7-48F3-ADA3-8685C7679CB3}
	EndGlobalSection
EndGlobal
