
Microsoft Visual Studio Solution File, Format Version 12.00
# Visual Studio Version 17
VisualStudioVersion = 17.6.33815.320
MinimumVisualStudioVersion = 10.0.40219.1
Project("{FAE04EC0-301F-11D3-BF4B-00C04F79EFBC}") = "Interface3", "Interface3\Interface3.csproj", "{2BD6B45B-01F6-4FEC-85EC-E6D49EA877A6}"
EndProject
Global
	GlobalSection(SolutionConfigurationPlatforms) = preSolution
		Debug|Any CPU = Debug|Any CPU
		Release|Any CPU = Release|Any CPU
	EndGlobalSection
	GlobalSection(ProjectConfigurationPlatforms) = postSolution
		{2BD6B45B-01F6-4FEC-85EC-E6D49EA877A6}.Debug|Any CPU.ActiveCfg = Debug|Any CPU
		{2BD6B45B-01F6-4FEC-85EC-E6D49EA877A6}.Debug|Any CPU.Build.0 = Debug|Any CPU
		{2BD6B45B-01F6-4FEC-85EC-E6D49EA877A6}.Release|Any CPU.ActiveCfg = Release|Any CPU
		{2BD6B45B-01F6-4FEC-85EC-E6D49EA877A6}.Release|Any CPU.Build.0 = Release|Any CPU
	EndGlobalSection
	GlobalSection(SolutionProperties) = preSolution
		HideSolutionNode = FALSE
	EndGlobalSection
	GlobalSection(ExtensibilityGlobals) = postSolution
		SolutionGuid = {82AA0383-0BE7-4DB8-B4D1-90EE5B13D360}
	EndGlobalSection
EndGlobal
