
Microsoft Visual Studio Solution File, Format Version 12.00
# Visual Studio Version 17
VisualStudioVersion = 17.6.33815.320
MinimumVisualStudioVersion = 10.0.40219.1
Project("{FAE04EC0-301F-11D3-BF4B-00C04F79EFBC}") = "dictonary", "dictonary\dictonary.csproj", "{F25C8820-4431-4A52-B692-07F940C14C70}"
EndProject
Global
	GlobalSection(SolutionConfigurationPlatforms) = preSolution
		Debug|Any CPU = Debug|Any CPU
		Release|Any CPU = Release|Any CPU
	EndGlobalSection
	GlobalSection(ProjectConfigurationPlatforms) = postSolution
		{F25C8820-4431-4A52-B692-07F940C14C70}.Debug|Any CPU.ActiveCfg = Debug|Any CPU
		{F25C8820-4431-4A52-B692-07F940C14C70}.Debug|Any CPU.Build.0 = Debug|Any CPU
		{F25C8820-4431-4A52-B692-07F940C14C70}.Release|Any CPU.ActiveCfg = Release|Any CPU
		{F25C8820-4431-4A52-B692-07F940C14C70}.Release|Any CPU.Build.0 = Release|Any CPU
	EndGlobalSection
	GlobalSection(SolutionProperties) = preSolution
		HideSolutionNode = FALSE
	EndGlobalSection
	GlobalSection(ExtensibilityGlobals) = postSolution
		SolutionGuid = {8F3F43C0-B576-4AB5-ADA8-25D53A886F99}
	EndGlobalSection
EndGlobal
