
Microsoft Visual Studio Solution File, Format Version 12.00
# Visual Studio Version 17
VisualStudioVersion = 17.6.33815.320
MinimumVisualStudioVersion = 10.0.40219.1
Project("{FAE04EC0-301F-11D3-BF4B-00C04F79EFBC}") = "FirstAssignment", "FirstAssignment\FirstAssignment.csproj", "{DAFA3B01-865C-4B2E-883C-10F89AD55D07}"
EndProject
Global
	GlobalSection(SolutionConfigurationPlatforms) = preSolution
		Debug|Any CPU = Debug|Any CPU
		Release|Any CPU = Release|Any CPU
	EndGlobalSection
	GlobalSection(ProjectConfigurationPlatforms) = postSolution
		{DAFA3B01-865C-4B2E-883C-10F89AD55D07}.Debug|Any CPU.ActiveCfg = Debug|Any CPU
		{DAFA3B01-865C-4B2E-883C-10F89AD55D07}.Debug|Any CPU.Build.0 = Debug|Any CPU
		{DAFA3B01-865C-4B2E-883C-10F89AD55D07}.Release|Any CPU.ActiveCfg = Release|Any CPU
		{DAFA3B01-865C-4B2E-883C-10F89AD55D07}.Release|Any CPU.Build.0 = Release|Any CPU
	EndGlobalSection
	GlobalSection(SolutionProperties) = preSolution
		HideSolutionNode = FALSE
	EndGlobalSection
	GlobalSection(ExtensibilityGlobals) = postSolution
		SolutionGuid = {029B288F-408D-4F42-9EF0-17D0BB7D7C5E}
	EndGlobalSection
EndGlobal
